
Microsoft Visual Studio Solution File, Format Version 12.00
# Visual Studio Version 17
VisualStudioVersion = 17.2.32516.85
MinimumVisualStudioVersion = 10.0.40219.1
Project("{FAE04EC0-301F-11D3-BF4B-00C04F79EFBC}") = "07_11_22_jaggedArrays", "07_11_22_jaggedArrays\07_11_22_jaggedArrays.csproj", "{03939F11-C750-4E33-81F2-FC84EA70C230}"
EndProject
Global
	GlobalSection(SolutionConfigurationPlatforms) = preSolution
		Debug|Any CPU = Debug|Any CPU
		Release|Any CPU = Release|Any CPU
	EndGlobalSection
	GlobalSection(ProjectConfigurationPlatforms) = postSolution
		{03939F11-C750-4E33-81F2-FC84EA70C230}.Debug|Any CPU.ActiveCfg = Debug|Any CPU
		{03939F11-C750-4E33-81F2-FC84EA70C230}.Debug|Any CPU.Build.0 = Debug|Any CPU
		{03939F11-C750-4E33-81F2-FC84EA70C230}.Release|Any CPU.ActiveCfg = Release|Any CPU
		{03939F11-C750-4E33-81F2-FC84EA70C230}.Release|Any CPU.Build.0 = Release|Any CPU
	EndGlobalSection
	GlobalSection(SolutionProperties) = preSolution
		HideSolutionNode = FALSE
	EndGlobalSection
	GlobalSection(ExtensibilityGlobals) = postSolution
		SolutionGuid = {1088A6C6-6B9A-4764-A736-EA0D22F65C4B}
	EndGlobalSection
EndGlobal
